
Microsoft Visual Studio Solution File, Format Version 12.00
# Visual Studio Version 16
VisualStudioVersion = 16.0.32413.511
MinimumVisualStudioVersion = 10.0.40219.1
Project("{8BC9CEB8-8B4A-11D0-8D11-00A0C91BC942}") = "Inrtrudactions", "Inrtrudactions.vcxproj", "{356CD33C-37B6-4930-93C5-FD22CF539A10}"
EndProject
Project("{2150E333-8FDC-42A3-9474-1A3956D46DE8}") = "Solution Items", "Solution Items", "{9AA9CDD3-209D-489D-99B6-90702AAF3FD9}"
	ProjectSection(SolutionItems) = preProject
		TextFile1.txt = TextFile1.txt
	EndProjectSection
EndProject
Project("{8BC9CEB8-8B4A-11D0-8D11-00A0C91BC942}") = "Fractions", "..\Fractions\Fractions.vcxproj", "{80FD70D3-8E23-4A9A-811A-7CC44E66DCA6}"
EndProject
Global
	GlobalSection(SolutionConfigurationPlatforms) = preSolution
		Debug|x64 = Debug|x64
		Debug|x86 = Debug|x86
		Release|x64 = Release|x64
		Release|x86 = Release|x86
	EndGlobalSection
	GlobalSection(ProjectConfigurationPlatforms) = postSolution
		{356CD33C-37B6-4930-93C5-FD22CF539A10}.Debug|x64.ActiveCfg = Debug|x64
		{356CD33C-37B6-4930-93C5-FD22CF539A10}.Debug|x64.Build.0 = Debug|x64
		{356CD33C-37B6-4930-93C5-FD22CF539A10}.Debug|x86.ActiveCfg = Debug|Win32
		{356CD33C-37B6-4930-93C5-FD22CF539A10}.Debug|x86.Build.0 = Debug|Win32
		{356CD33C-37B6-4930-93C5-FD22CF539A10}.Release|x64.ActiveCfg = Release|x64
		{356CD33C-37B6-4930-93C5-FD22CF539A10}.Release|x64.Build.0 = Release|x64
		{356CD33C-37B6-4930-93C5-FD22CF539A10}.Release|x86.ActiveCfg = Release|Win32
		{356CD33C-37B6-4930-93C5-FD22CF539A10}.Release|x86.Build.0 = Release|Win32
		{80FD70D3-8E23-4A9A-811A-7CC44E66DCA6}.Debug|x64.ActiveCfg = Debug|x64
		{80FD70D3-8E23-4A9A-811A-7CC44E66DCA6}.Debug|x64.Build.0 = Debug|x64
		{80FD70D3-8E23-4A9A-811A-7CC44E66DCA6}.Debug|x86.ActiveCfg = Debug|Win32
		{80FD70D3-8E23-4A9A-811A-7CC44E66DCA6}.Debug|x86.Build.0 = Debug|Win32
		{80FD70D3-8E23-4A9A-811A-7CC44E66DCA6}.Release|x64.ActiveCfg = Release|x64
		{80FD70D3-8E23-4A9A-811A-7CC44E66DCA6}.Release|x64.Build.0 = Release|x64
		{80FD70D3-8E23-4A9A-811A-7CC44E66DCA6}.Release|x86.ActiveCfg = Release|Win32
		{80FD70D3-8E23-4A9A-811A-7CC44E66DCA6}.Release|x86.Build.0 = Release|Win32
	EndGlobalSection
	GlobalSection(SolutionProperties) = preSolution
		HideSolutionNode = FALSE
	EndGlobalSection
	GlobalSection(ExtensibilityGlobals) = postSolution
		SolutionGuid = {E190541E-12B3-46D6-BACA-801CD32CF0C9}
	EndGlobalSection
EndGlobal
